// !$*UTF8*$!
{
	archiveVersion = 1;
	classes = {
	};
	objectVersion = 46;
	objects = {

/* Begin PBXBuildFile section */
		BF0CADC61B4B915B00D02936 /* AppDelegate.swift in Sources */ = {isa = PBXBuildFile; fileRef = BF0CADC51B4B915B00D02936 /* AppDelegate.swift */; };
		BF0CADC91B4B915B00D02936 /* ExpenseBox2.xcdatamodeld in Sources */ = {isa = PBXBuildFile; fileRef = BF0CADC71B4B915B00D02936 /* ExpenseBox2.xcdatamodeld */; };
		BF0CADCB1B4B915B00D02936 /* ViewController.swift in Sources */ = {isa = PBXBuildFile; fileRef = BF0CADCA1B4B915B00D02936 /* ViewController.swift */; };
		BF0CADCE1B4B915B00D02936 /* Main.storyboard in Resources */ = {isa = PBXBuildFile; fileRef = BF0CADCC1B4B915B00D02936 /* Main.storyboard */; };
		BF0CADD01B4B915B00D02936 /* Images.xcassets in Resources */ = {isa = PBXBuildFile; fileRef = BF0CADCF1B4B915B00D02936 /* Images.xcassets */; };
		BF0CADD31B4B915B00D02936 /* LaunchScreen.xib in Resources */ = {isa = PBXBuildFile; fileRef = BF0CADD11B4B915B00D02936 /* LaunchScreen.xib */; };
		BF0CADDF1B4B915B00D02936 /* ExpenseBox2Tests.swift in Sources */ = {isa = PBXBuildFile; fileRef = BF0CADDE1B4B915B00D02936 /* ExpenseBox2Tests.swift */; };
		BF0CADEA1B4B934C00D02936 /* plus_math-75.png in Resources */ = {isa = PBXBuildFile; fileRef = BF0CADE91B4B934C00D02936 /* plus_math-75.png */; };
		BF0CADF11B4B944100D02936 /* Profile.swift in Sources */ = {isa = PBXBuildFile; fileRef = BF0CADF01B4B944100D02936 /* Profile.swift */; };
		BF0CADF31B4B947600D02936 /* CreateProfileController.swift in Sources */ = {isa = PBXBuildFile; fileRef = BF0CADF21B4B947600D02936 /* CreateProfileController.swift */; };
		BF0CADF81B4BD76300D02936 /* LibraryApi.swift in Sources */ = {isa = PBXBuildFile; fileRef = BF0CADF71B4BD76300D02936 /* LibraryApi.swift */; };
		BF0CADFA1B4BD7E100D02936 /* PersistencyManager.swift in Sources */ = {isa = PBXBuildFile; fileRef = BF0CADF91B4BD7E100D02936 /* PersistencyManager.swift */; };
/* End PBXBuildFile section */

/* Begin PBXContainerItemProxy section */
		BF0CADD91B4B915B00D02936 /* PBXContainerItemProxy */ = {
			isa = PBXContainerItemProxy;
			containerPortal = BF0CADB81B4B915B00D02936 /* Project object */;
			proxyType = 1;
			remoteGlobalIDString = BF0CADBF1B4B915B00D02936;
			remoteInfo = ExpenseBox2;
		};
/* End PBXContainerItemProxy section */

/* Begin PBXFileReference section */
		BF0CADC01B4B915B00D02936 /* ExpenseBox2.app */ = {isa = PBXFileReference; explicitFileType = wrapper.application; includeInIndex = 0; path = ExpenseBox2.app; sourceTree = BUILT_PRODUCTS_DIR; };
		BF0CADC41B4B915B00D02936 /* Info.plist */ = {isa = PBXFileReference; lastKnownFileType = text.plist.xml; path = Info.plist; sourceTree = "<group>"; };
		BF0CADC51B4B915B00D02936 /* AppDelegate.swift */ = {isa = PBXFileReference; lastKnownFileType = sourcecode.swift; path = AppDelegate.swift; sourceTree = "<group>"; };
		BF0CADC81B4B915B00D02936 /* ExpenseBox2.xcdatamodel */ = {isa = PBXFileReference; lastKnownFileType = wrapper.xcdatamodel; path = ExpenseBox2.xcdatamodel; sourceTree = "<group>"; };
		BF0CADCA1B4B915B00D02936 /* ViewController.swift */ = {isa = PBXFileReference; lastKnownFileType = sourcecode.swift; path = ViewController.swift; sourceTree = "<group>"; };
		BF0CADCD1B4B915B00D02936 /* Base */ = {isa = PBXFileReference; lastKnownFileType = file.storyboard; name = Base; path = Base.lproj/Main.storyboard; sourceTree = "<group>"; };
		BF0CADCF1B4B915B00D02936 /* Images.xcassets */ = {isa = PBXFileReference; lastKnownFileType = folder.assetcatalog; path = Images.xcassets; sourceTree = "<group>"; };
		BF0CADD21B4B915B00D02936 /* Base */ = {isa = PBXFileReference; lastKnownFileType = file.xib; name = Base; path = Base.lproj/LaunchScreen.xib; sourceTree = "<group>"; };
		BF0CADD81B4B915B00D02936 /* ExpenseBox2Tests.xctest */ = {isa = PBXFileReference; explicitFileType = wrapper.cfbundle; includeInIndex = 0; path = ExpenseBox2Tests.xctest; sourceTree = BUILT_PRODUCTS_DIR; };
		BF0CADDD1B4B915B00D02936 /* Info.plist */ = {isa = PBXFileReference; lastKnownFileType = text.plist.xml; path = Info.plist; sourceTree = "<group>"; };
		BF0CADDE1B4B915B00D02936 /* ExpenseBox2Tests.swift */ = {isa = PBXFileReference; lastKnownFileType = sourcecode.swift; path = ExpenseBox2Tests.swift; sourceTree = "<group>"; };
		BF0CADE91B4B934C00D02936 /* plus_math-75.png */ = {isa = PBXFileReference; lastKnownFileType = image.png; path = "plus_math-75.png"; sourceTree = "<group>"; };
		BF0CADF01B4B944100D02936 /* Profile.swift */ = {isa = PBXFileReference; fileEncoding = 4; lastKnownFileType = sourcecode.swift; path = Profile.swift; sourceTree = "<group>"; };
		BF0CADF21B4B947600D02936 /* CreateProfileController.swift */ = {isa = PBXFileReference; fileEncoding = 4; lastKnownFileType = sourcecode.swift; path = CreateProfileController.swift; sourceTree = "<group>"; };
		BF0CADF71B4BD76300D02936 /* LibraryApi.swift */ = {isa = PBXFileReference; fileEncoding = 4; lastKnownFileType = sourcecode.swift; path = LibraryApi.swift; sourceTree = "<group>"; };
		BF0CADF91B4BD7E100D02936 /* PersistencyManager.swift */ = {isa = PBXFileReference; fileEncoding = 4; lastKnownFileType = sourcecode.swift; path = PersistencyManager.swift; sourceTree = "<group>"; };
/* End PBXFileReference section */

/* Begin PBXFrameworksBuildPhase section */
		BF0CADBD1B4B915B00D02936 /* Frameworks */ = {
			isa = PBXFrameworksBuildPhase;
			buildActionMask = 2147483647;
			files = (
			);
			runOnlyForDeploymentPostprocessing = 0;
		};
		BF0CADD51B4B915B00D02936 /* Frameworks */ = {
			isa = PBXFrameworksBuildPhase;
			buildActionMask = 2147483647;
			files = (
			);
			runOnlyForDeploymentPostprocessing = 0;
		};
/* End PBXFrameworksBuildPhase section */

/* Begin PBXGroup section */
		BF0CADB71B4B915B00D02936 = {
			isa = PBXGroup;
			children = (
				BF0CADC21B4B915B00D02936 /* ExpenseBox2 */,
				BF0CADDB1B4B915B00D02936 /* ExpenseBox2Tests */,
				BF0CADC11B4B915B00D02936 /* Products */,
			);
			sourceTree = "<group>";
		};
		BF0CADC11B4B915B00D02936 /* Products */ = {
			isa = PBXGroup;
			children = (
				BF0CADC01B4B915B00D02936 /* ExpenseBox2.app */,
				BF0CADD81B4B915B00D02936 /* ExpenseBox2Tests.xctest */,
			);
			name = Products;
			sourceTree = "<group>";
		};
		BF0CADC21B4B915B00D02936 /* ExpenseBox2 */ = {
			isa = PBXGroup;
			children = (
				BF0CADED1B4B941900D02936 /* Model */,
				BF0CADEC1B4B93AC00D02936 /* View */,
				BF0CADEB1B4B93A000D02936 /* Controller */,
				BF0CADF41B4BCB4400D02936 /* API */,
				BF0CADE81B4B934400D02936 /* images */,
				BF0CADC51B4B915B00D02936 /* AppDelegate.swift */,
				BF0CADCF1B4B915B00D02936 /* Images.xcassets */,
				BF0CADD11B4B915B00D02936 /* LaunchScreen.xib */,
				BF0CADC71B4B915B00D02936 /* ExpenseBox2.xcdatamodeld */,
				BF0CADC31B4B915B00D02936 /* Supporting Files */,
			);
			path = ExpenseBox2;
			sourceTree = "<group>";
		};
		BF0CADC31B4B915B00D02936 /* Supporting Files */ = {
			isa = PBXGroup;
			children = (
				BF0CADC41B4B915B00D02936 /* Info.plist */,
			);
			name = "Supporting Files";
			sourceTree = "<group>";
		};
		BF0CADDB1B4B915B00D02936 /* ExpenseBox2Tests */ = {
			isa = PBXGroup;
			children = (
				BF0CADDE1B4B915B00D02936 /* ExpenseBox2Tests.swift */,
				BF0CADDC1B4B915B00D02936 /* Supporting Files */,
			);
			path = ExpenseBox2Tests;
			sourceTree = "<group>";
		};
		BF0CADDC1B4B915B00D02936 /* Supporting Files */ = {
			isa = PBXGroup;
			children = (
				BF0CADDD1B4B915B00D02936 /* Info.plist */,
			);
			name = "Supporting Files";
			sourceTree = "<group>";
		};
		BF0CADE81B4B934400D02936 /* images */ = {
			isa = PBXGroup;
			children = (
				BF0CADE91B4B934C00D02936 /* plus_math-75.png */,
			);
			name = images;
			sourceTree = "<group>";
		};
		BF0CADEB1B4B93A000D02936 /* Controller */ = {
			isa = PBXGroup;
			children = (
				BF0CADCA1B4B915B00D02936 /* ViewController.swift */,
				BF0CADF21B4B947600D02936 /* CreateProfileController.swift */,
			);
			name = Controller;
			sourceTree = "<group>";
		};
		BF0CADEC1B4B93AC00D02936 /* View */ = {
			isa = PBXGroup;
			children = (
				BF0CADCC1B4B915B00D02936 /* Main.storyboard */,
			);
			name = View;
			sourceTree = "<group>";
		};
		BF0CADED1B4B941900D02936 /* Model */ = {
			isa = PBXGroup;
			children = (
				BF0CADF01B4B944100D02936 /* Profile.swift */,
			);
			name = Model;
			sourceTree = "<group>";
		};
		BF0CADF41B4BCB4400D02936 /* API */ = {
			isa = PBXGroup;
			children = (
				BF0CADF71B4BD76300D02936 /* LibraryApi.swift */,
				BF0CADF91B4BD7E100D02936 /* PersistencyManager.swift */,
			);
			name = API;
			sourceTree = "<group>";
		};
/* End PBXGroup section */

/* Begin PBXNativeTarget section */
		BF0CADBF1B4B915B00D02936 /* ExpenseBox2 */ = {
			isa = PBXNativeTarget;
			buildConfigurationList = BF0CADE21B4B915B00D02936 /* Build configuration list for PBXNativeTarget "ExpenseBox2" */;
			buildPhases = (
				BF0CADBC1B4B915B00D02936 /* Sources */,
				BF0CADBD1B4B915B00D02936 /* Frameworks */,
				BF0CADBE1B4B915B00D02936 /* Resources */,
			);
			buildRules = (
			);
			dependencies = (
			);
			name = ExpenseBox2;
			productName = ExpenseBox2;
			productReference = BF0CADC01B4B915B00D02936 /* ExpenseBox2.app */;
			productType = "com.apple.product-type.application";
		};
		BF0CADD71B4B915B00D02936 /* ExpenseBox2Tests */ = {
			isa = PBXNativeTarget;
			buildConfigurationList = BF0CADE51B4B915B00D02936 /* Build configuration list for PBXNativeTarget "ExpenseBox2Tests" */;
			buildPhases = (
				BF0CADD41B4B915B00D02936 /* Sources */,
				BF0CADD51B4B915B00D02936 /* Frameworks */,
				BF0CADD61B4B915B00D02936 /* Resources */,
			);
			buildRules = (
			);
			dependencies = (
				BF0CADDA1B4B915B00D02936 /* PBXTargetDependency */,
			);
			name = ExpenseBox2Tests;
			productName = ExpenseBox2Tests;
			productReference = BF0CADD81B4B915B00D02936 /* ExpenseBox2Tests.xctest */;
			productType = "com.apple.product-type.bundle.unit-test";
		};
/* End PBXNativeTarget section */

/* Begin PBXProject section */
		BF0CADB81B4B915B00D02936 /* Project object */ = {
			isa = PBXProject;
			attributes = {
				LastSwiftUpdateCheck = 0700;
				LastUpgradeCheck = 0640;
				ORGANIZATIONNAME = "Vincent Pacul";
				TargetAttributes = {
					BF0CADBF1B4B915B00D02936 = {
						CreatedOnToolsVersion = 6.4;
					};
					BF0CADD71B4B915B00D02936 = {
						CreatedOnToolsVersion = 6.4;
						TestTargetID = BF0CADBF1B4B915B00D02936;
					};
				};
			};
			buildConfigurationList = BF0CADBB1B4B915B00D02936 /* Build configuration list for PBXProject "ExpenseBox2" */;
			compatibilityVersion = "Xcode 3.2";
			developmentRegion = English;
			hasScannedForEncodings = 0;
			knownRegions = (
				en,
				Base,
			);
			mainGroup = BF0CADB71B4B915B00D02936;
			productRefGroup = BF0CADC11B4B915B00D02936 /* Products */;
			projectDirPath = "";
			projectRoot = "";
			targets = (
				BF0CADBF1B4B915B00D02936 /* ExpenseBox2 */,
				BF0CADD71B4B915B00D02936 /* ExpenseBox2Tests */,
			);
		};
/* End PBXProject section */

/* Begin PBXResourcesBuildPhase section */
		BF0CADBE1B4B915B00D02936 /* Resources */ = {
			isa = PBXResourcesBuildPhase;
			buildActionMask = 2147483647;
			files = (
				BF0CADCE1B4B915B00D02936 /* Main.storyboard in Resources */,
				BF0CADEA1B4B934C00D02936 /* plus_math-75.png in Resources */,
				BF0CADD31B4B915B00D02936 /* LaunchScreen.xib in Resources */,
				BF0CADD01B4B915B00D02936 /* Images.xcassets in Resources */,
			);
			runOnlyForDeploymentPostprocessing = 0;
		};
		BF0CADD61B4B915B00D02936 /* Resources */ = {
			isa = PBXResourcesBuildPhase;
			buildActionMask = 2147483647;
			files = (
			);
			runOnlyForDeploymentPostprocessing = 0;
		};
/* End PBXResourcesBuildPhase section */

/* Begin PBXSourcesBuildPhase section */
		BF0CADBC1B4B915B00D02936 /* Sources */ = {
			isa = PBXSourcesBuildPhase;
			buildActionMask = 2147483647;
			files = (
				BF0CADF81B4BD76300D02936 /* LibraryApi.swift in Sources */,
				BF0CADCB1B4B915B00D02936 /* ViewController.swift in Sources */,
				BF0CADF11B4B944100D02936 /* Profile.swift in Sources */,
				BF0CADF31B4B947600D02936 /* CreateProfileController.swift in Sources */,
				BF0CADC61B4B915B00D02936 /* AppDelegate.swift in Sources */,
				BF0CADC91B4B915B00D02936 /* ExpenseBox2.xcdatamodeld in Sources */,
				BF0CADFA1B4BD7E100D02936 /* PersistencyManager.swift in Sources */,
			);
			runOnlyForDeploymentPostprocessing = 0;
		};
		BF0CADD41B4B915B00D02936 /* Sources */ = {
			isa = PBXSourcesBuildPhase;
			buildActionMask = 2147483647;
			files = (
				BF0CADDF1B4B915B00D02936 /* ExpenseBox2Tests.swift in Sources */,
			);
			runOnlyForDeploymentPostprocessing = 0;
		};
/* End PBXSourcesBuildPhase section */

/* Begin PBXTargetDependency section */
		BF0CADDA1B4B915B00D02936 /* PBXTargetDependency */ = {
			isa = PBXTargetDependency;
			target = BF0CADBF1B4B915B00D02936 /* ExpenseBox2 */;
			targetProxy = BF0CADD91B4B915B00D02936 /* PBXContainerItemProxy */;
		};
/* End PBXTargetDependency section */

/* Begin PBXVariantGroup section */
		BF0CADCC1B4B915B00D02936 /* Main.storyboard */ = {
			isa = PBXVariantGroup;
			children = (
				BF0CADCD1B4B915B00D02936 /* Base */,
			);
			name = Main.storyboard;
			sourceTree = "<group>";
		};
		BF0CADD11B4B915B00D02936 /* LaunchScreen.xib */ = {
			isa = PBXVariantGroup;
			children = (
				BF0CADD21B4B915B00D02936 /* Base */,
			);
			name = LaunchScreen.xib;
			sourceTree = "<group>";
		};
/* End PBXVariantGroup section */

/* Begin XCBuildConfiguration section */
		BF0CADE01B4B915B00D02936 /* Debug */ = {
			isa = XCBuildConfiguration;
			buildSettings = {
				ALWAYS_SEARCH_USER_PATHS = NO;
				CLANG_CXX_LANGUAGE_STANDARD = "gnu++0x";
				CLANG_CXX_LIBRARY = "libc++";
				CLANG_ENABLE_MODULES = YES;
				CLANG_ENABLE_OBJC_ARC = YES;
				CLANG_WARN_BOOL_CONVERSION = YES;
				CLANG_WARN_CONSTANT_CONVERSION = YES;
				CLANG_WARN_DIRECT_OBJC_ISA_USAGE = YES_ERROR;
				CLANG_WARN_EMPTY_BODY = YES;
				CLANG_WARN_ENUM_CONVERSION = YES;
				CLANG_WARN_INT_CONVERSION = YES;
				CLANG_WARN_OBJC_ROOT_CLASS = YES_ERROR;
				CLANG_WARN_UNREACHABLE_CODE = YES;
				CLANG_WARN__DUPLICATE_METHOD_MATCH = YES;
				"CODE_SIGN_IDENTITY[sdk=iphoneos*]" = "iPhone Developer";
				COPY_PHASE_STRIP = NO;
				DEBUG_INFORMATION_FORMAT = "dwarf-with-dsym";
				ENABLE_STRICT_OBJC_MSGSEND = YES;
				GCC_C_LANGUAGE_STANDARD = gnu99;
				GCC_DYNAMIC_NO_PIC = NO;
				GCC_NO_COMMON_BLOCKS = YES;
				GCC_OPTIMIZATION_LEVEL = 0;
				GCC_PREPROCESSOR_DEFINITIONS = (
					"DEBUG=1",
					"$(inherited)",
				);
				GCC_SYMBOLS_PRIVATE_EXTERN = NO;
				GCC_WARN_64_TO_32_BIT_CONVERSION = YES;
				GCC_WARN_ABOUT_RETURN_TYPE = YES_ERROR;
				GCC_WARN_UNDECLARED_SELECTOR = YES;
				GCC_WARN_UNINITIALIZED_AUTOS = YES_AGGRESSIVE;
				GCC_WARN_UNUSED_FUNCTION = YES;
				GCC_WARN_UNUSED_VARIABLE = YES;
				IPHONEOS_DEPLOYMENT_TARGET = 8.4;
				MTL_ENABLE_DEBUG_INFO = YES;
				ONLY_ACTIVE_ARCH = YES;
				SDKROOT = iphoneos;
				SWIFT_OPTIMIZATION_LEVEL = "-Onone";
			};
			name = Debug;
		};
		BF0CADE11B4B915B00D02936 /* Release */ = {
			isa = XCBuildConfiguration;
			buildSettings = {
				ALWAYS_SEARCH_USER_PATHS = NO;
				CLANG_CXX_LANGUAGE_STANDARD = "gnu++0x";
				CLANG_CXX_LIBRARY = "libc++";
				CLANG_ENABLE_MODULES = YES;
				CLANG_ENABLE_OBJC_ARC = YES;
				CLANG_WARN_BOOL_CONVERSION = YES;
				CLANG_WARN_CONSTANT_CONVERSION = YES;
				CLANG_WARN_DIRECT_OBJC_ISA_USAGE = YES_ERROR;
				CLANG_WARN_EMPTY_BODY = YES;
				CLANG_WARN_ENUM_CONVERSION = YES;
				CLANG_WARN_INT_CONVERSION = YES;
				CLANG_WARN_OBJC_ROOT_CLASS = YES_ERROR;
				CLANG_WARN_UNREACHABLE_CODE = YES;
				CLANG_WARN__DUPLICATE_METHOD_MATCH = YES;
				"CODE_SIGN_IDENTITY[sdk=iphoneos*]" = "iPhone Developer";
				COPY_PHASE_STRIP = NO;
				DEBUG_INFORMATION_FORMAT = "dwarf-with-dsym";
				ENABLE_NS_ASSERTIONS = NO;
				ENABLE_STRICT_OBJC_MSGSEND = YES;
				GCC_C_LANGUAGE_STANDARD = gnu99;
				GCC_NO_COMMON_BLOCKS = YES;
				GCC_WARN_64_TO_32_BIT_CONVERSION = YES;
				GCC_WARN_ABOUT_RETURN_TYPE = YES_ERROR;
				GCC_WARN_UNDECLARED_SELECTOR = YES;
				GCC_WARN_UNINITIALIZED_AUTOS = YES_AGGRESSIVE;
				GCC_WARN_UNUSED_FUNCTION = YES;
				GCC_WARN_UNUSED_VARIABLE = YES;
				IPHONEOS_DEPLOYMENT_TARGET = 8.4;
				MTL_ENABLE_DEBUG_INFO = NO;
				SDKROOT = iphoneos;
				VALIDATE_PRODUCT = YES;
			};
			name = Release;
		};
		BF0CADE31B4B915B00D02936 /* Debug */ = {
			isa = XCBuildConfiguration;
			buildSettings = {
				ASSETCATALOG_COMPILER_APPICON_NAME = AppIcon;
				INFOPLIST_FILE = ExpenseBox2/Info.plist;
				LD_RUNPATH_SEARCH_PATHS = "$(inherited) @executable_path/Frameworks";
				PRODUCT_NAME = "$(TARGET_NAME)";
			};
			name = Debug;
		};
		BF0CADE41B4B915B00D02936 /* Release */ = {
			isa = XCBuildConfiguration;
			buildSettings = {
				ASSETCATALOG_COMPILER_APPICON_NAME = AppIcon;
				INFOPLIST_FILE = ExpenseBox2/Info.plist;
				LD_RUNPATH_SEARCH_PATHS = "$(inherited) @executable_path/Frameworks";
				PRODUCT_NAME = "$(TARGET_NAME)";
			};
			name = Release;
		};
		BF0CADE61B4B915B00D02936 /* Debug */ = {
			isa = XCBuildConfiguration;
			buildSettings = {
				BUNDLE_LOADER = "$(TEST_HOST)";
				FRAMEWORK_SEARCH_PATHS = (
					"$(SDKROOT)/Developer/Library/Frameworks",
					"$(inherited)",
				);
				GCC_PREPROCESSOR_DEFINITIONS = (
					"DEBUG=1",
					"$(inherited)",
				);
				INFOPLIST_FILE = ExpenseBox2Tests/Info.plist;
				LD_RUNPATH_SEARCH_PATHS = "$(inherited) @executable_path/Frameworks @loader_path/Frameworks";
				PRODUCT_NAME = "$(TARGET_NAME)";
				TEST_HOST = "$(BUILT_PRODUCTS_DIR)/ExpenseBox2.app/ExpenseBox2";
			};
			name = Debug;
		};
		BF0CADE71B4B915B00D02936 /* Release */ = {
			isa = XCBuildConfiguration;
			buildSettings = {
				BUNDLE_LOADER = "$(TEST_HOST)";
				FRAMEWORK_SEARCH_PATHS = (
					"$(SDKROOT)/Developer/Library/Frameworks",
					"$(inherited)",
				);
				INFOPLIST_FILE = ExpenseBox2Tests/Info.plist;
				LD_RUNPATH_SEARCH_PATHS = "$(inherited) @executable_path/Frameworks @loader_path/Frameworks";
				PRODUCT_NAME = "$(TARGET_NAME)";
				TEST_HOST = "$(BUILT_PRODUCTS_DIR)/ExpenseBox2.app/ExpenseBox2";
			};
			name = Release;
		};
/* End XCBuildConfiguration section */

/* Begin XCConfigurationList section */
		BF0CADBB1B4B915B00D02936 /* Build configuration list for PBXProject "ExpenseBox2" */ = {
			isa = XCConfigurationList;
			buildConfigurations = (
				BF0CADE01B4B915B00D02936 /* Debug */,
				BF0CADE11B4B915B00D02936 /* Release */,
			);
			defaultConfigurationIsVisible = 0;
			defaultConfigurationName = Release;
		};
		BF0CADE21B4B915B00D02936 /* Build configuration list for PBXNativeTarget "ExpenseBox2" */ = {
			isa = XCConfigurationList;
			buildConfigurations = (
				BF0CADE31B4B915B00D02936 /* Debug */,
				BF0CADE41B4B915B00D02936 /* Release */,
			);
			defaultConfigurationIsVisible = 0;
			defaultConfigurationName = Release;
		};
		BF0CADE51B4B915B00D02936 /* Build configuration list for PBXNativeTarget "ExpenseBox2Tests" */ = {
			isa = XCConfigurationList;
			buildConfigurations = (
				BF0CADE61B4B915B00D02936 /* Debug */,
				BF0CADE71B4B915B00D02936 /* Release */,
			);
			defaultConfigurationIsVisible = 0;
			defaultConfigurationName = Release;
		};
/* End XCConfigurationList section */

/* Begin XCVersionGroup section */
		BF0CADC71B4B915B00D02936 /* ExpenseBox2.xcdatamodeld */ = {
			isa = XCVersionGroup;
			children = (
				BF0CADC81B4B915B00D02936 /* ExpenseBox2.xcdatamodel */,
			);
			currentVersion = BF0CADC81B4B915B00D02936 /* ExpenseBox2.xcdatamodel */;
			path = ExpenseBox2.xcdatamodeld;
			sourceTree = "<group>";
			versionGroupType = wrapper.xcdatamodel;
		};
/* End XCVersionGroup section */
	};
	rootObject = BF0CADB81B4B915B00D02936 /* Project object */;
}
